
Microsoft Visual Studio Solution File, Format Version 12.00
# Visual Studio Version 17
VisualStudioVersion = 17.9.34902.65
MinimumVisualStudioVersion = 10.0.40219.1
Project("{FAE04EC0-301F-11D3-BF4B-00C04F79EFBC}") = "SportsStoreManagementSystem.CoreMVC", "SportsStoreManagementSystem.CoreMVC\SportsStoreManagementSystem.CoreMVC.csproj", "{CBF77C92-B503-4346-89C4-88013708606F}"
EndProject
Project("{FAE04EC0-301F-11D3-BF4B-00C04F79EFBC}") = "SportsStoreManagementSystem.CoreWebAPI", "SportsStoreManagementSystem.CoreWebAPI\SportsStoreManagementSystem.CoreWebAPI.csproj", "{B1A62A7C-A34C-464A-A175-4999CE277309}"
EndProject
Project("{FAE04EC0-301F-11D3-BF4B-00C04F79EFBC}") = "SportsStoreManagementSystem.DAL", "SportsStoreManagementSystem.DAL\SportsStoreManagementSystem.DAL.csproj", "{12F69054-9E57-4014-861E-E6EC8ACDD173}"
EndProject
Project("{FAE04EC0-301F-11D3-BF4B-00C04F79EFBC}") = "SportsStoreManagementSystem.BL", "SportsStoreManagementSystem.BL\SportsStoreManagementSystem.BL.csproj", "{85D386AC-1DBC-4169-873F-B39EF29B987D}"
EndProject
Project("{FAE04EC0-301F-11D3-BF4B-00C04F79EFBC}") = "SportsStoreManagementSystem.Entities", "SportsStoreManagementSystem.Entities\SportsStoreManagementSystem.Entities.csproj", "{A97C9C5A-4722-4C59-916C-D5D33517C4D0}"
EndProject
Global
	GlobalSection(SolutionConfigurationPlatforms) = preSolution
		Debug|Any CPU = Debug|Any CPU
		Release|Any CPU = Release|Any CPU
	EndGlobalSection
	GlobalSection(ProjectConfigurationPlatforms) = postSolution
		{CBF77C92-B503-4346-89C4-88013708606F}.Debug|Any CPU.ActiveCfg = Debug|Any CPU
		{CBF77C92-B503-4346-89C4-88013708606F}.Debug|Any CPU.Build.0 = Debug|Any CPU
		{CBF77C92-B503-4346-89C4-88013708606F}.Release|Any CPU.ActiveCfg = Release|Any CPU
		{CBF77C92-B503-4346-89C4-88013708606F}.Release|Any CPU.Build.0 = Release|Any CPU
		{B1A62A7C-A34C-464A-A175-4999CE277309}.Debug|Any CPU.ActiveCfg = Debug|Any CPU
		{B1A62A7C-A34C-464A-A175-4999CE277309}.Debug|Any CPU.Build.0 = Debug|Any CPU
		{B1A62A7C-A34C-464A-A175-4999CE277309}.Release|Any CPU.ActiveCfg = Release|Any CPU
		{B1A62A7C-A34C-464A-A175-4999CE277309}.Release|Any CPU.Build.0 = Release|Any CPU
		{12F69054-9E57-4014-861E-E6EC8ACDD173}.Debug|Any CPU.ActiveCfg = Debug|Any CPU
		{12F69054-9E57-4014-861E-E6EC8ACDD173}.Debug|Any CPU.Build.0 = Debug|Any CPU
		{12F69054-9E57-4014-861E-E6EC8ACDD173}.Release|Any CPU.ActiveCfg = Release|Any CPU
		{12F69054-9E57-4014-861E-E6EC8ACDD173}.Release|Any CPU.Build.0 = Release|Any CPU
		{85D386AC-1DBC-4169-873F-B39EF29B987D}.Debug|Any CPU.ActiveCfg = Debug|Any CPU
		{85D386AC-1DBC-4169-873F-B39EF29B987D}.Debug|Any CPU.Build.0 = Debug|Any CPU
		{85D386AC-1DBC-4169-873F-B39EF29B987D}.Release|Any CPU.ActiveCfg = Release|Any CPU
		{85D386AC-1DBC-4169-873F-B39EF29B987D}.Release|Any CPU.Build.0 = Release|Any CPU
		{A97C9C5A-4722-4C59-916C-D5D33517C4D0}.Debug|Any CPU.ActiveCfg = Debug|Any CPU
		{A97C9C5A-4722-4C59-916C-D5D33517C4D0}.Debug|Any CPU.Build.0 = Debug|Any CPU
		{A97C9C5A-4722-4C59-916C-D5D33517C4D0}.Release|Any CPU.ActiveCfg = Release|Any CPU
		{A97C9C5A-4722-4C59-916C-D5D33517C4D0}.Release|Any CPU.Build.0 = Release|Any CPU
	EndGlobalSection
	GlobalSection(SolutionProperties) = preSolution
		HideSolutionNode = FALSE
	EndGlobalSection
	GlobalSection(ExtensibilityGlobals) = postSolution
		SolutionGuid = {7BEB4A68-1E49-4DCB-86B6-8954251C72FB}
	EndGlobalSection
EndGlobal
